
Microsoft Visual Studio Solution File, Format Version 12.00
# Visual Studio Version 17
VisualStudioVersion = 17.11.35222.181
MinimumVisualStudioVersion = 10.0.40219.1
Project("{FAE04EC0-301F-11D3-BF4B-00C04F79EFBC}") = "ShapeLibrary", "ShapeLibrary\ShapeLibrary.csproj", "{D5B9ACB6-D194-49CD-B32E-512D8A3F7549}"
EndProject
Global
	GlobalSection(SolutionConfigurationPlatforms) = preSolution
		Debug|Any CPU = Debug|Any CPU
		Release|Any CPU = Release|Any CPU
	EndGlobalSection
	GlobalSection(ProjectConfigurationPlatforms) = postSolution
		{D5B9ACB6-D194-49CD-B32E-512D8A3F7549}.Debug|Any CPU.ActiveCfg = Debug|Any CPU
		{D5B9ACB6-D194-49CD-B32E-512D8A3F7549}.Debug|Any CPU.Build.0 = Debug|Any CPU
		{D5B9ACB6-D194-49CD-B32E-512D8A3F7549}.Release|Any CPU.ActiveCfg = Release|Any CPU
		{D5B9ACB6-D194-49CD-B32E-512D8A3F7549}.Release|Any CPU.Build.0 = Release|Any CPU
	EndGlobalSection
	GlobalSection(SolutionProperties) = preSolution
		HideSolutionNode = FALSE
	EndGlobalSection
	GlobalSection(ExtensibilityGlobals) = postSolution
		SolutionGuid = {AFFF1C32-6FA5-404A-B062-81575A5A605F}
	EndGlobalSection
EndGlobal
